
Microsoft Visual Studio Solution File, Format Version 12.00
# Visual Studio Version 16
VisualStudioVersion = 16.0.31112.23
MinimumVisualStudioVersion = 10.0.40219.1
Project("{FAE04EC0-301F-11D3-BF4B-00C04F79EFBC}") = "WoTB_FSB_To_BNK", "WoTB_FSB_To_BNK.csproj", "{9A95F6F4-D867-4E3D-AEE2-4E7217606A3E}"
EndProject
Global
	GlobalSection(SolutionConfigurationPlatforms) = preSolution
		Debug|Any CPU = Debug|Any CPU
		Debug|x86 = Debug|x86
		Release|Any CPU = Release|Any CPU
		Release|x86 = Release|x86
	EndGlobalSection
	GlobalSection(ProjectConfigurationPlatforms) = postSolution
		{9A95F6F4-D867-4E3D-AEE2-4E7217606A3E}.Debug|Any CPU.ActiveCfg = Debug|Any CPU
		{9A95F6F4-D867-4E3D-AEE2-4E7217606A3E}.Debug|Any CPU.Build.0 = Debug|Any CPU
		{9A95F6F4-D867-4E3D-AEE2-4E7217606A3E}.Debug|x86.ActiveCfg = Debug|x86
		{9A95F6F4-D867-4E3D-AEE2-4E7217606A3E}.Debug|x86.Build.0 = Debug|x86
		{9A95F6F4-D867-4E3D-AEE2-4E7217606A3E}.Release|Any CPU.ActiveCfg = Release|Any CPU
		{9A95F6F4-D867-4E3D-AEE2-4E7217606A3E}.Release|Any CPU.Build.0 = Release|Any CPU
		{9A95F6F4-D867-4E3D-AEE2-4E7217606A3E}.Release|x86.ActiveCfg = Release|x86
		{9A95F6F4-D867-4E3D-AEE2-4E7217606A3E}.Release|x86.Build.0 = Release|x86
	EndGlobalSection
	GlobalSection(SolutionProperties) = preSolution
		HideSolutionNode = FALSE
	EndGlobalSection
	GlobalSection(ExtensibilityGlobals) = postSolution
		SolutionGuid = {5A26FF10-6F9B-4EDD-90DB-B448761C3500}
	EndGlobalSection
EndGlobal
